
Microsoft Visual Studio Solution File, Format Version 12.00
# Visual Studio Version 17
VisualStudioVersion = 17.7.34221.43
MinimumVisualStudioVersion = 10.0.40219.1
Project("{FAE04EC0-301F-11D3-BF4B-00C04F79EFBC}") = "laboratorioN13", "laboratorioN13\laboratorioN13.csproj", "{52769B83-F944-4D02-8DE1-5DEE1412CDDB}"
EndProject
Global
	GlobalSection(SolutionConfigurationPlatforms) = preSolution
		Debug|Any CPU = Debug|Any CPU
		Release|Any CPU = Release|Any CPU
	EndGlobalSection
	GlobalSection(ProjectConfigurationPlatforms) = postSolution
		{52769B83-F944-4D02-8DE1-5DEE1412CDDB}.Debug|Any CPU.ActiveCfg = Debug|Any CPU
		{52769B83-F944-4D02-8DE1-5DEE1412CDDB}.Debug|Any CPU.Build.0 = Debug|Any CPU
		{52769B83-F944-4D02-8DE1-5DEE1412CDDB}.Release|Any CPU.ActiveCfg = Release|Any CPU
		{52769B83-F944-4D02-8DE1-5DEE1412CDDB}.Release|Any CPU.Build.0 = Release|Any CPU
	EndGlobalSection
	GlobalSection(SolutionProperties) = preSolution
		HideSolutionNode = FALSE
	EndGlobalSection
	GlobalSection(ExtensibilityGlobals) = postSolution
		SolutionGuid = {87F0DCA6-6666-4428-9981-15EF5761D3C9}
	EndGlobalSection
EndGlobal
